
Microsoft Visual Studio Solution File, Format Version 12.00
# Visual Studio Version 17
VisualStudioVersion = 17.5.33516.290
MinimumVisualStudioVersion = 10.0.40219.1
Project("{9A19103F-16F7-4668-BE54-9A1E7A4F7556}") = "Dawem.API", "Dawem.API\Dawem.API.csproj", "{740BF53B-6470-4DC2-95B1-46205347DBAC}"
EndProject
Project("{9A19103F-16F7-4668-BE54-9A1E7A4F7556}") = "Dawem.Enums", "Enums\Dawem.Enums.csproj", "{AEAD325F-45E7-4E59-AF0D-4D95582B1E8B}"
EndProject
Project("{FAE04EC0-301F-11D3-BF4B-00C04F79EFBC}") = "Dawem.BusinessLogic", "Dawem.BusinessLogic\Dawem.BusinessLogic.csproj", "{D636BAC9-274E-4781-8055-FB18CF7C00F9}"
EndProject
Project("{FAE04EC0-301F-11D3-BF4B-00C04F79EFBC}") = "Dawem.Data", "Dawem.Data\Dawem.Data.csproj", "{A9ABA248-579C-4F37-9BE5-EC0627A59A43}"
EndProject
Project("{FAE04EC0-301F-11D3-BF4B-00C04F79EFBC}") = "Dawem.BusinessValidation", "Dawem.BusinessValidation\Dawem.BusinessValidation.csproj", "{FD0C58FB-178B-4346-8022-E4DE7E9E708A}"
EndProject
Project("{FAE04EC0-301F-11D3-BF4B-00C04F79EFBC}") = "Dawem.Helpers", "Dawem.Helpers\Dawem.Helpers.csproj", "{E7DE346A-3F2C-4287-BF71-BA84AA2A911E}"
EndProject
Project("{FAE04EC0-301F-11D3-BF4B-00C04F79EFBC}") = "Dawem.Repository", "Dawem.Repository\Dawem.Repository.csproj", "{37898F2D-19F6-43BB-802D-3B681C42C874}"
EndProject
Project("{FAE04EC0-301F-11D3-BF4B-00C04F79EFBC}") = "Dawem.Models", "Dawem.Models\Dawem.Models.csproj", "{5A866588-F042-4C37-951C-A2D0A028F007}"
EndProject
Project("{FAE04EC0-301F-11D3-BF4B-00C04F79EFBC}") = "Dawem.Domain", "Dawem.Domain\Dawem.Domain.csproj", "{132F07FC-2F68-4895-B012-6C6D93962D9E}"
EndProject
Project("{FAE04EC0-301F-11D3-BF4B-00C04F79EFBC}") = "Dawem.Translations", "Dawem.Translations\Dawem.Translations.csproj", "{CF310B31-575A-49FC-AFAD-6EEFAFF66114}"
EndProject
Project("{FAE04EC0-301F-11D3-BF4B-00C04F79EFBC}") = "Dawem.Contract", "Dawem.Contract\Dawem.Contract.csproj", "{F5E221C6-C1B1-49EF-8BCB-DA166522930C}"
EndProject
Global
	GlobalSection(SolutionConfigurationPlatforms) = preSolution
		Debug|Any CPU = Debug|Any CPU
		Release|Any CPU = Release|Any CPU
	EndGlobalSection
	GlobalSection(ProjectConfigurationPlatforms) = postSolution
		{740BF53B-6470-4DC2-95B1-46205347DBAC}.Debug|Any CPU.ActiveCfg = Debug|Any CPU
		{740BF53B-6470-4DC2-95B1-46205347DBAC}.Debug|Any CPU.Build.0 = Debug|Any CPU
		{740BF53B-6470-4DC2-95B1-46205347DBAC}.Release|Any CPU.ActiveCfg = Release|Any CPU
		{740BF53B-6470-4DC2-95B1-46205347DBAC}.Release|Any CPU.Build.0 = Release|Any CPU
		{AEAD325F-45E7-4E59-AF0D-4D95582B1E8B}.Debug|Any CPU.ActiveCfg = Debug|Any CPU
		{AEAD325F-45E7-4E59-AF0D-4D95582B1E8B}.Debug|Any CPU.Build.0 = Debug|Any CPU
		{AEAD325F-45E7-4E59-AF0D-4D95582B1E8B}.Release|Any CPU.ActiveCfg = Release|Any CPU
		{AEAD325F-45E7-4E59-AF0D-4D95582B1E8B}.Release|Any CPU.Build.0 = Release|Any CPU
		{D636BAC9-274E-4781-8055-FB18CF7C00F9}.Debug|Any CPU.ActiveCfg = Debug|Any CPU
		{D636BAC9-274E-4781-8055-FB18CF7C00F9}.Debug|Any CPU.Build.0 = Debug|Any CPU
		{D636BAC9-274E-4781-8055-FB18CF7C00F9}.Release|Any CPU.ActiveCfg = Release|Any CPU
		{D636BAC9-274E-4781-8055-FB18CF7C00F9}.Release|Any CPU.Build.0 = Release|Any CPU
		{A9ABA248-579C-4F37-9BE5-EC0627A59A43}.Debug|Any CPU.ActiveCfg = Debug|Any CPU
		{A9ABA248-579C-4F37-9BE5-EC0627A59A43}.Debug|Any CPU.Build.0 = Debug|Any CPU
		{A9ABA248-579C-4F37-9BE5-EC0627A59A43}.Release|Any CPU.ActiveCfg = Release|Any CPU
		{A9ABA248-579C-4F37-9BE5-EC0627A59A43}.Release|Any CPU.Build.0 = Release|Any CPU
		{FD0C58FB-178B-4346-8022-E4DE7E9E708A}.Debug|Any CPU.ActiveCfg = Debug|Any CPU
		{FD0C58FB-178B-4346-8022-E4DE7E9E708A}.Debug|Any CPU.Build.0 = Debug|Any CPU
		{FD0C58FB-178B-4346-8022-E4DE7E9E708A}.Release|Any CPU.ActiveCfg = Release|Any CPU
		{FD0C58FB-178B-4346-8022-E4DE7E9E708A}.Release|Any CPU.Build.0 = Release|Any CPU
		{E7DE346A-3F2C-4287-BF71-BA84AA2A911E}.Debug|Any CPU.ActiveCfg = Debug|Any CPU
		{E7DE346A-3F2C-4287-BF71-BA84AA2A911E}.Debug|Any CPU.Build.0 = Debug|Any CPU
		{E7DE346A-3F2C-4287-BF71-BA84AA2A911E}.Release|Any CPU.ActiveCfg = Release|Any CPU
		{E7DE346A-3F2C-4287-BF71-BA84AA2A911E}.Release|Any CPU.Build.0 = Release|Any CPU
		{37898F2D-19F6-43BB-802D-3B681C42C874}.Debug|Any CPU.ActiveCfg = Debug|Any CPU
		{37898F2D-19F6-43BB-802D-3B681C42C874}.Debug|Any CPU.Build.0 = Debug|Any CPU
		{37898F2D-19F6-43BB-802D-3B681C42C874}.Release|Any CPU.ActiveCfg = Release|Any CPU
		{37898F2D-19F6-43BB-802D-3B681C42C874}.Release|Any CPU.Build.0 = Release|Any CPU
		{5A866588-F042-4C37-951C-A2D0A028F007}.Debug|Any CPU.ActiveCfg = Debug|Any CPU
		{5A866588-F042-4C37-951C-A2D0A028F007}.Debug|Any CPU.Build.0 = Debug|Any CPU
		{5A866588-F042-4C37-951C-A2D0A028F007}.Release|Any CPU.ActiveCfg = Release|Any CPU
		{5A866588-F042-4C37-951C-A2D0A028F007}.Release|Any CPU.Build.0 = Release|Any CPU
		{132F07FC-2F68-4895-B012-6C6D93962D9E}.Debug|Any CPU.ActiveCfg = Debug|Any CPU
		{132F07FC-2F68-4895-B012-6C6D93962D9E}.Debug|Any CPU.Build.0 = Debug|Any CPU
		{132F07FC-2F68-4895-B012-6C6D93962D9E}.Release|Any CPU.ActiveCfg = Release|Any CPU
		{132F07FC-2F68-4895-B012-6C6D93962D9E}.Release|Any CPU.Build.0 = Release|Any CPU
		{CF310B31-575A-49FC-AFAD-6EEFAFF66114}.Debug|Any CPU.ActiveCfg = Debug|Any CPU
		{CF310B31-575A-49FC-AFAD-6EEFAFF66114}.Debug|Any CPU.Build.0 = Debug|Any CPU
		{CF310B31-575A-49FC-AFAD-6EEFAFF66114}.Release|Any CPU.ActiveCfg = Release|Any CPU
		{CF310B31-575A-49FC-AFAD-6EEFAFF66114}.Release|Any CPU.Build.0 = Release|Any CPU
		{F5E221C6-C1B1-49EF-8BCB-DA166522930C}.Debug|Any CPU.ActiveCfg = Debug|Any CPU
		{F5E221C6-C1B1-49EF-8BCB-DA166522930C}.Debug|Any CPU.Build.0 = Debug|Any CPU
		{F5E221C6-C1B1-49EF-8BCB-DA166522930C}.Release|Any CPU.ActiveCfg = Release|Any CPU
		{F5E221C6-C1B1-49EF-8BCB-DA166522930C}.Release|Any CPU.Build.0 = Release|Any CPU
	EndGlobalSection
	GlobalSection(SolutionProperties) = preSolution
		HideSolutionNode = FALSE
	EndGlobalSection
	GlobalSection(ExtensibilityGlobals) = postSolution
		SolutionGuid = {0F41AF98-0B7E-4959-8789-8ACFFB578600}
	EndGlobalSection
EndGlobal
